
Microsoft Visual Studio Solution File, Format Version 12.00
# Visual Studio 15
VisualStudioVersion = 15.0.28010.2048
MinimumVisualStudioVersion = 10.0.40219.1
Project("{2150E333-8FDC-42A3-9474-1A3956D46DE8}") = "src", "src", "{9130A22A-ADD6-40F8-806D-0DEBE4791912}"
EndProject
Project("{2150E333-8FDC-42A3-9474-1A3956D46DE8}") = "Solution Items", "Solution Items", "{A018DAAE-A421-47A5-9651-85FAF957F673}"
	ProjectSection(SolutionItems) = preProject
		global.json = global.json
	EndProjectSection
EndProject
Project("{9A19103F-16F7-4668-BE54-9A1E7A4F7556}") = "RBBCommentGeneratorWeb", "src\RBBCommentGeneratorWeb\RBBCommentGeneratorWeb.csproj", "{578CFED6-EB22-4060-882D-D238EEF054A9}"
EndProject
Global
	GlobalSection(SolutionConfigurationPlatforms) = preSolution
		Debug|Any CPU = Debug|Any CPU
		Release|Any CPU = Release|Any CPU
	EndGlobalSection
	GlobalSection(ProjectConfigurationPlatforms) = postSolution
		{578CFED6-EB22-4060-882D-D238EEF054A9}.Debug|Any CPU.ActiveCfg = Debug|Any CPU
		{578CFED6-EB22-4060-882D-D238EEF054A9}.Debug|Any CPU.Build.0 = Debug|Any CPU
		{578CFED6-EB22-4060-882D-D238EEF054A9}.Release|Any CPU.ActiveCfg = Release|Any CPU
		{578CFED6-EB22-4060-882D-D238EEF054A9}.Release|Any CPU.Build.0 = Release|Any CPU
	EndGlobalSection
	GlobalSection(SolutionProperties) = preSolution
		HideSolutionNode = FALSE
	EndGlobalSection
	GlobalSection(NestedProjects) = preSolution
		{578CFED6-EB22-4060-882D-D238EEF054A9} = {9130A22A-ADD6-40F8-806D-0DEBE4791912}
	EndGlobalSection
	GlobalSection(ExtensibilityGlobals) = postSolution
		SolutionGuid = {B2CF3773-5097-41F8-9B46-C59D602DF3F3}
	EndGlobalSection
EndGlobal
